<?xml version="1.0" encoding="utf-8"?>
<Project ToolsVersion="4.0" xmlns="http://schemas.microsoft.com/developer/msbuild/2003">
  <ItemGroup>
    <Filter Include="ソース ファイル">
      <UniqueIdentifier>{4FC737F1-C7A5-4376-A066-2A32D752A2FF}</UniqueIdentifier>
      <Extensions>cpp;c;cc;cxx;def;odl;idl;hpj;bat;asm;asmx</Extensions>
    </Filter>
    <Filter Include="ヘッダー ファイル">
      <UniqueIdentifier>{93995380-89BD-4b04-88EB-625FBE52EBFB}</UniqueIdentifier>
      <Extensions>h;hh;hpp;hxx;hm;inl;inc;xsd</Extensions>
    </Filter>
    <Filter Include="リソース ファイル">
      <UniqueIdentifier>{67DA6AB6-F800-4c08-8B7A-83BB121AAD01}</UniqueIdentifier>
      <Extensions>rc;ico;cur;bmp;dlg;rc2;rct;bin;rgs;gif;jpg;jpeg;jpe;resx;tiff;tif;png;wav;mfcribbon-ms</Extensions>
    </Filter>
    <Filter Include="aruco-2.0.19/src">
      <UniqueIdentifier>{3ec77798-df66-486a-ad9d-0ce366c074f0}</UniqueIdentifier>
    </Filter>
  </ItemGroup>
  <ItemGroup>
    <Text Include="ReadMe.txt" />
    <Text Include="aruco-2.0.19\src\CMakeLists.txt">
      <Filter>aruco-2.0.19/src</Filter>
    </Text>
  </ItemGroup>
  <ItemGroup>
    <ClInclude Include="stdafx.h">
      <Filter>ヘッダー ファイル</Filter>
    </ClInclude>
    <ClInclude Include="targetver.h">
      <Filter>ヘッダー ファイル</Filter>
    </ClInclude>
    <ClInclude Include="aruco-2.0.19\src\markerlabelers\dictionary_based.h">
      <Filter>aruco-2.0.19/src</Filter>
    </ClInclude>
    <ClInclude Include="aruco-2.0.19\src\markerlabelers\svmmarkers.h">
      <Filter>aruco-2.0.19/src</Filter>
    </ClInclude>
    <ClInclude Include="aruco-2.0.19\src\ar_omp.h">
      <Filter>aruco-2.0.19/src</Filter>
    </ClInclude>
    <ClInclude Include="aruco-2.0.19\src\aruco.h">
      <Filter>aruco-2.0.19/src</Filter>
    </ClInclude>
    <ClInclude Include="aruco-2.0.19\src\cameraparameters.h">
      <Filter>aruco-2.0.19/src</Filter>
    </ClInclude>
    <ClInclude Include="aruco-2.0.19\src\checkrectcontour.h">
      <Filter>aruco-2.0.19/src</Filter>
    </ClInclude>
    <ClInclude Include="aruco-2.0.19\src\cvdrawingutils.h">
      <Filter>aruco-2.0.19/src</Filter>
    </ClInclude>
    <ClInclude Include="aruco-2.0.19\src\dictionary.h">
      <Filter>aruco-2.0.19/src</Filter>
    </ClInclude>
    <ClInclude Include="aruco-2.0.19\src\exports.h">
      <Filter>aruco-2.0.19/src</Filter>
    </ClInclude>
    <ClInclude Include="aruco-2.0.19\src\ippe.h">
      <Filter>aruco-2.0.19/src</Filter>
    </ClInclude>
    <ClInclude Include="aruco-2.0.19\src\levmarq.h">
      <Filter>aruco-2.0.19/src</Filter>
    </ClInclude>
    <ClInclude Include="aruco-2.0.19\src\marker.h">
      <Filter>aruco-2.0.19/src</Filter>
    </ClInclude>
    <ClInclude Include="aruco-2.0.19\src\markerdetector.h">
      <Filter>aruco-2.0.19/src</Filter>
    </ClInclude>
    <ClInclude Include="aruco-2.0.19\src\markerlabeler.h">
      <Filter>aruco-2.0.19/src</Filter>
    </ClInclude>
    <ClInclude Include="aruco-2.0.19\src\markermap.h">
      <Filter>aruco-2.0.19/src</Filter>
    </ClInclude>
    <ClInclude Include="aruco-2.0.19\src\posetracker.h">
      <Filter>aruco-2.0.19/src</Filter>
    </ClInclude>
  </ItemGroup>
  <ItemGroup>
    <ClCompile Include="stdafx.cpp">
      <Filter>ソース ファイル</Filter>
    </ClCompile>
    <ClCompile Include="GPSmain.cpp">
      <Filter>ソース ファイル</Filter>
    </ClCompile>
    <ClCompile Include="aruco-2.0.19\src\markerlabelers\dictionary_based.cpp">
      <Filter>aruco-2.0.19/src</Filter>
    </ClCompile>
    <ClCompile Include="aruco-2.0.19\src\markerlabelers\svmmarkers.cpp">
      <Filter>aruco-2.0.19/src</Filter>
    </ClCompile>
    <ClCompile Include="aruco-2.0.19\src\ar_omp.cpp">
      <Filter>aruco-2.0.19/src</Filter>
    </ClCompile>
    <ClCompile Include="aruco-2.0.19\src\cameraparameters.cpp">
      <Filter>aruco-2.0.19/src</Filter>
    </ClCompile>
    <ClCompile Include="aruco-2.0.19\src\checkrectcontour.cpp">
      <Filter>aruco-2.0.19/src</Filter>
    </ClCompile>
    <ClCompile Include="aruco-2.0.19\src\cvdrawingutils.cpp">
      <Filter>aruco-2.0.19/src</Filter>
    </ClCompile>
    <ClCompile Include="aruco-2.0.19\src\dictionary.cpp">
      <Filter>aruco-2.0.19/src</Filter>
    </ClCompile>
    <ClCompile Include="aruco-2.0.19\src\ippe.cpp">
      <Filter>aruco-2.0.19/src</Filter>
    </ClCompile>
    <ClCompile Include="aruco-2.0.19\src\marker.cpp">
      <Filter>aruco-2.0.19/src</Filter>
    </ClCompile>
    <ClCompile Include="aruco-2.0.19\src\markerdetector.cpp">
      <Filter>aruco-2.0.19/src</Filter>
    </ClCompile>
    <ClCompile Include="aruco-2.0.19\src\markerlabeler.cpp">
      <Filter>aruco-2.0.19/src</Filter>
    </ClCompile>
    <ClCompile Include="aruco-2.0.19\src\markermap.cpp">
      <Filter>aruco-2.0.19/src</Filter>
    </ClCompile>
    <ClCompile Include="aruco-2.0.19\src\posetracker.cpp">
      <Filter>aruco-2.0.19/src</Filter>
    </ClCompile>
  </ItemGroup>
  <ItemGroup>
    <None Include="packages.config" />
  </ItemGroup>
</Project>